
Microsoft Visual Studio Solution File, Format Version 12.00
# Visual Studio 15
VisualStudioVersion = 15.0.28307.136
MinimumVisualStudioVersion = 10.0.40219.1
Project("{FAE04EC0-301F-11D3-BF4B-00C04F79EFBC}") = "WebApiAngular7App", "WebApiAngular7App\WebApiAngular7App.csproj", "{DD6C0113-A3B3-422D-97B6-ACCF7C4992B2}"
EndProject
Project("{FAE04EC0-301F-11D3-BF4B-00C04F79EFBC}") = "WebApi.Models", "WebApi.Models\WebApi.Models.csproj", "{270C3A7F-CA78-4172-886F-6082FFA1062F}"
EndProject
Project("{FAE04EC0-301F-11D3-BF4B-00C04F79EFBC}") = "WebApi.DatabaseContext", "WebApi.DatabaseContext\WebApi.DatabaseContext.csproj", "{BE9A5A39-BD60-45AD-B67C-EEE91500CBA0}"
EndProject
Project("{FAE04EC0-301F-11D3-BF4B-00C04F79EFBC}") = "WebApi.Repository", "WebApi.Repository\WebApi.Repository.csproj", "{CE69581D-6A37-4515-89EC-F000C0936868}"
EndProject
Project("{FAE04EC0-301F-11D3-BF4B-00C04F79EFBC}") = "WebApi.BLL", "WebApi.BLL\WebApi.BLL.csproj", "{90FA23D9-1BDB-4665-9644-7666C8E8143F}"
EndProject
Project("{FAE04EC0-301F-11D3-BF4B-00C04F79EFBC}") = "WebApi.Configuration", "WebApi.Configuration\WebApi.Configuration.csproj", "{8BE60AB4-2D98-4604-A4FB-C474AF54C49B}"
EndProject
Global
	GlobalSection(SolutionConfigurationPlatforms) = preSolution
		Debug|Any CPU = Debug|Any CPU
		Release|Any CPU = Release|Any CPU
	EndGlobalSection
	GlobalSection(ProjectConfigurationPlatforms) = postSolution
		{DD6C0113-A3B3-422D-97B6-ACCF7C4992B2}.Debug|Any CPU.ActiveCfg = Debug|Any CPU
		{DD6C0113-A3B3-422D-97B6-ACCF7C4992B2}.Debug|Any CPU.Build.0 = Debug|Any CPU
		{DD6C0113-A3B3-422D-97B6-ACCF7C4992B2}.Release|Any CPU.ActiveCfg = Release|Any CPU
		{DD6C0113-A3B3-422D-97B6-ACCF7C4992B2}.Release|Any CPU.Build.0 = Release|Any CPU
		{270C3A7F-CA78-4172-886F-6082FFA1062F}.Debug|Any CPU.ActiveCfg = Debug|Any CPU
		{270C3A7F-CA78-4172-886F-6082FFA1062F}.Debug|Any CPU.Build.0 = Debug|Any CPU
		{270C3A7F-CA78-4172-886F-6082FFA1062F}.Release|Any CPU.ActiveCfg = Release|Any CPU
		{270C3A7F-CA78-4172-886F-6082FFA1062F}.Release|Any CPU.Build.0 = Release|Any CPU
		{BE9A5A39-BD60-45AD-B67C-EEE91500CBA0}.Debug|Any CPU.ActiveCfg = Debug|Any CPU
		{BE9A5A39-BD60-45AD-B67C-EEE91500CBA0}.Debug|Any CPU.Build.0 = Debug|Any CPU
		{BE9A5A39-BD60-45AD-B67C-EEE91500CBA0}.Release|Any CPU.ActiveCfg = Release|Any CPU
		{BE9A5A39-BD60-45AD-B67C-EEE91500CBA0}.Release|Any CPU.Build.0 = Release|Any CPU
		{CE69581D-6A37-4515-89EC-F000C0936868}.Debug|Any CPU.ActiveCfg = Debug|Any CPU
		{CE69581D-6A37-4515-89EC-F000C0936868}.Debug|Any CPU.Build.0 = Debug|Any CPU
		{CE69581D-6A37-4515-89EC-F000C0936868}.Release|Any CPU.ActiveCfg = Release|Any CPU
		{CE69581D-6A37-4515-89EC-F000C0936868}.Release|Any CPU.Build.0 = Release|Any CPU
		{90FA23D9-1BDB-4665-9644-7666C8E8143F}.Debug|Any CPU.ActiveCfg = Debug|Any CPU
		{90FA23D9-1BDB-4665-9644-7666C8E8143F}.Debug|Any CPU.Build.0 = Debug|Any CPU
		{90FA23D9-1BDB-4665-9644-7666C8E8143F}.Release|Any CPU.ActiveCfg = Release|Any CPU
		{90FA23D9-1BDB-4665-9644-7666C8E8143F}.Release|Any CPU.Build.0 = Release|Any CPU
		{8BE60AB4-2D98-4604-A4FB-C474AF54C49B}.Debug|Any CPU.ActiveCfg = Debug|Any CPU
		{8BE60AB4-2D98-4604-A4FB-C474AF54C49B}.Debug|Any CPU.Build.0 = Debug|Any CPU
		{8BE60AB4-2D98-4604-A4FB-C474AF54C49B}.Release|Any CPU.ActiveCfg = Release|Any CPU
		{8BE60AB4-2D98-4604-A4FB-C474AF54C49B}.Release|Any CPU.Build.0 = Release|Any CPU
	EndGlobalSection
	GlobalSection(SolutionProperties) = preSolution
		HideSolutionNode = FALSE
	EndGlobalSection
	GlobalSection(ExtensibilityGlobals) = postSolution
		SolutionGuid = {930EC66D-AD73-4A7F-A4C8-32E23744D9B0}
	EndGlobalSection
EndGlobal
